
Microsoft Visual Studio Solution File, Format Version 12.00
# Visual Studio 15
VisualStudioVersion = 15.0.28307.645
MinimumVisualStudioVersion = 10.0.40219.1
Project("{FAE04EC0-301F-11D3-BF4B-00C04F79EFBC}") = "GiveMeSomeStats", "GiveMeSomeStats\GiveMeSomeStats.csproj", "{E56D399C-E734-49F2-B73F-7B89453282E6}"
EndProject
Global
	GlobalSection(SolutionConfigurationPlatforms) = preSolution
		Debug|Any CPU = Debug|Any CPU
		Release|Any CPU = Release|Any CPU
	EndGlobalSection
	GlobalSection(ProjectConfigurationPlatforms) = postSolution
		{E56D399C-E734-49F2-B73F-7B89453282E6}.Debug|Any CPU.ActiveCfg = Debug|Any CPU
		{E56D399C-E734-49F2-B73F-7B89453282E6}.Debug|Any CPU.Build.0 = Debug|Any CPU
		{E56D399C-E734-49F2-B73F-7B89453282E6}.Release|Any CPU.ActiveCfg = Release|Any CPU
		{E56D399C-E734-49F2-B73F-7B89453282E6}.Release|Any CPU.Build.0 = Release|Any CPU
	EndGlobalSection
	GlobalSection(SolutionProperties) = preSolution
		HideSolutionNode = FALSE
	EndGlobalSection
	GlobalSection(ExtensibilityGlobals) = postSolution
		SolutionGuid = {3804926E-821F-48C2-A9B0-20836A590040}
	EndGlobalSection
EndGlobal
